{
  "name": "web-server",
  "version": "1.0.0",
  "lockfileVersion": 1,
  "requires": true,
  "dependencies": {
    "@types/node": {
      "version": "11.13.20",
      "resolved": "https://registry.npmjs.org/@types/node/-/node-11.13.20.tgz",
      "integrity": "sha512-JE0UpLWZTV1sGcaj0hN+Q0760OEjpgyFJ06DOMVW6qKBducKdJQaIw0TGL6ccj7VXRduIOHLWQi+tHwulZJHVQ==",
      "dev": true
    },
    "d": {
      "version": "1.0.1",
      "resolved": "https://registry.npmjs.org/d/-/d-1.0.1.tgz",
      "integrity": "sha512-m62ShEObQ39CfralilEQRjH6oAMtNCV1xJyEx5LpRYUVN+EviphDgUc/F3hnYbADmkiNs67Y+3ylmlG7Lnu+FA==",
      "requires": {
        "es5-ext": "^0.10.50",
        "type": "^1.0.1"
      }
    },
    "defer": {
      "version": "1.0.0",
      "resolved": "https://registry.npmjs.org/defer/-/defer-1.0.0.tgz",
      "integrity": "sha512-qj1SlrhMWB+r9oML1xQmuMLJn+RfkKJVUIaCr0IDQXb4nL5+tFvsUv9Acr+p1O78heWt6MYvdcXVSUCk9+/Wig=="
    },
    "deferred": {
      "version": "0.7.11",
      "resolved": "https://registry.npmjs.org/deferred/-/deferred-0.7.11.tgz",
      "integrity": "sha512-8eluCl/Blx4YOGwMapBvXRKxHXhA8ejDXYzEaK8+/gtcm8hRMhSLmXSqDmNUKNc/C8HNSmuyyp/hflhqDAvK2A==",
      "requires": {
        "d": "^1.0.1",
        "es5-ext": "^0.10.50",
        "event-emitter": "^0.3.5",
        "next-tick": "^1.0.0",
        "timers-ext": "^0.1.7"
      }
    },
    "es5-ext": {
      "version": "0.10.51",
      "resolved": "https://registry.npmjs.org/es5-ext/-/es5-ext-0.10.51.tgz",
      "integrity": "sha512-oRpWzM2WcLHVKpnrcyB7OW8j/s67Ba04JCm0WnNv3RiABSvs7mrQlutB8DBv793gKcp0XENR8Il8WxGTlZ73gQ==",
      "requires": {
        "es6-iterator": "~2.0.3",
        "es6-symbol": "~3.1.1",
        "next-tick": "^1.0.0"
      }
    },
    "es6-iterator": {
      "version": "2.0.3",
      "resolved": "https://registry.npmjs.org/es6-iterator/-/es6-iterator-2.0.3.tgz",
      "integrity": "sha1-p96IkUGgWpSwhUQDstCg+/qY87c=",
      "requires": {
        "d": "1",
        "es5-ext": "^0.10.35",
        "es6-symbol": "^3.1.1"
      }
    },
    "es6-symbol": {
      "version": "3.1.2",
      "resolved": "https://registry.npmjs.org/es6-symbol/-/es6-symbol-3.1.2.tgz",
      "integrity": "sha512-/ZypxQsArlv+KHpGvng52/Iz8by3EQPxhmbuz8yFG89N/caTFBSbcXONDw0aMjy827gQg26XAjP4uXFvnfINmQ==",
      "requires": {
        "d": "^1.0.1",
        "es5-ext": "^0.10.51"
      }
    },
    "event-emitter": {
      "version": "0.3.5",
      "resolved": "https://registry.npmjs.org/event-emitter/-/event-emitter-0.3.5.tgz",
      "integrity": "sha1-34xp7vFkeSPHFXuc6DhAYQsCzDk=",
      "requires": {
        "d": "1",
        "es5-ext": "~0.10.14"
      }
    },
    "next-tick": {
      "version": "1.0.0",
      "resolved": "https://registry.npmjs.org/next-tick/-/next-tick-1.0.0.tgz",
      "integrity": "sha1-yobR/ogoFpsBICCOPchCS524NCw="
    },
    "timers-ext": {
      "version": "0.1.7",
      "resolved": "https://registry.npmjs.org/timers-ext/-/timers-ext-0.1.7.tgz",
      "integrity": "sha512-b85NUNzTSdodShTIbky6ZF02e8STtVVfD+fu4aXXShEELpozH+bCpJLYMPZbsABN2wDH7fJpqIoXxJpzbf0NqQ==",
      "requires": {
        "es5-ext": "~0.10.46",
        "next-tick": "1"
      }
    },
    "type": {
      "version": "1.0.3",
      "resolved": "https://registry.npmjs.org/type/-/type-1.0.3.tgz",
      "integrity": "sha512-51IMtNfVcee8+9GJvj0spSuFcZHe9vSib6Xtgsny1Km9ugyz2mbS08I3rsUIRYgJohFRFU1160sgRodYz378Hg=="
    },
    "typescript": {
      "version": "3.6.2",
      "resolved": "https://registry.npmjs.org/typescript/-/typescript-3.6.2.tgz",
      "integrity": "sha512-lmQ4L+J6mnu3xweP8+rOrUwzmN+MRAj7TgtJtDaXE5PMyX2kCrklhg3rvOsOIfNeAWMQWO2F1GPc1kMD2vLAfw==",
      "dev": true
    }
  }
}
